<?xml version="1.0" encoding="utf-8"?>
<Project ToolsVersion="4.0" xmlns="http://schemas.microsoft.com/developer/msbuild/2003">
  <ItemGroup>
    <ClCompile Include="Main.cpp" />
    <ClCompile Include="MessageReceiver.cpp">
      <Filter>Message</Filter>
    </ClCompile>
    <ClCompile Include="Pch.cpp" />
    <ClCompile Include="Device.cpp">
      <Filter>Device</Filter>
    </ClCompile>
    <ClCompile Include="SwapChain.cpp">
      <Filter>Device</Filter>
    </ClCompile>
    <ClCompile Include="Texture.cpp">
      <Filter>Resource</Filter>
    </ClCompile>
    <ClCompile Include="Window.cpp">
      <Filter>Device</Filter>
    </ClCompile>
  </ItemGroup>
  <ItemGroup>
    <Filter Include="Message">
      <UniqueIdentifier>{8d17ef12-df7e-4163-86ed-1af056f0480b}</UniqueIdentifier>
    </Filter>
    <Filter Include="Device">
      <UniqueIdentifier>{ac9288b9-e29f-4868-a38b-0409f49be195}</UniqueIdentifier>
    </Filter>
    <Filter Include="Resource">
      <UniqueIdentifier>{e5e147b1-dbdc-4ff6-9246-95c12226f27a}</UniqueIdentifier>
    </Filter>
  </ItemGroup>
  <ItemGroup>
    <ClInclude Include="MessageReceiver.h">
      <Filter>Message</Filter>
    </ClInclude>
    <ClInclude Include="Pch.h" />
    <ClInclude Include="Device.h">
      <Filter>Device</Filter>
    </ClInclude>
    <ClInclude Include="SwapChain.h">
      <Filter>Device</Filter>
    </ClInclude>
    <ClInclude Include="Texture.h">
      <Filter>Resource</Filter>
    </ClInclude>
    <ClInclude Include="Window.h">
      <Filter>Device</Filter>
    </ClInclude>
    <ClInclude Include="Resource.h" />
  </ItemGroup>
  <ItemGroup>
    <None Include="MessageReceiver.inl">
      <Filter>Message</Filter>
    </None>
  </ItemGroup>
  <ItemGroup>
    <ResourceCompile Include="Resource.rc" />
  </ItemGroup>
</Project>