<?xml version="1.0" encoding="utf-8"?>
<Project ToolsVersion="4.0" xmlns="http://schemas.microsoft.com/developer/msbuild/2003">
  <ItemGroup>
    <ClCompile Include="Main.cpp" />
    <ClCompile Include="Pch.cpp" />
    <ClCompile Include="MessageReceiver.cpp" />
    <ClCompile Include="Device.cpp" />
    <ClCompile Include="Bridge.cpp" />
    <ClCompile Include="Format.cpp" />
    <ClCompile Include="RaytracingBridge.cpp" />
    <ClCompile Include="Upscaler.cpp" />
    <ClCompile Include="DLSS.cpp" />
    <ClCompile Include="FSR.cpp" />
    <ClCompile Include="BlueNoise.cpp" />
  </ItemGroup>
  <ItemGroup>
    <ClInclude Include="Pch.h" />
    <ClInclude Include="MessageReceiver.h" />
    <ClInclude Include="Device.h" />
    <ClInclude Include="Bridge.h" />
    <ClInclude Include="Format.h" />
    <ClInclude Include="ConstantBuffer.h" />
    <ClInclude Include="Hash.h" />
    <ClInclude Include="RaytracingBridge.h" />
    <ClInclude Include="Upscaler.h" />
    <ClInclude Include="DLSS.h" />
    <ClInclude Include="FSR.h" />
    <ClInclude Include="BottomLevelAS.h" />
    <ClInclude Include="Material.h" />
    <ClInclude Include="Instance.h" />
    <ClInclude Include="BlueNoise.h" />
  </ItemGroup>
  <ItemGroup>
    <None Include="ShaderDefinitions.hlsli" />
    <None Include="ShaderGlobals.hlsli" />
    <None Include="ShaderFunctions.hlsli" />
  </ItemGroup>
  <ItemGroup>
    <FxCompile Include="ShaderLibraryAutoGenerated.hlsl" />
    <FxCompile Include="CopyVS.hlsl" />
    <FxCompile Include="CopyPS.hlsl" />
    <FxCompile Include="FVF.hlsl" />
    <FxCompile Include="Skinning.hlsl" />
    <FxCompile Include="ShaderLibrary.hlsl" />
  </ItemGroup>
  <ItemGroup>
    <CopyFileToFolders Include="ShaderMapping.bin" />
  </ItemGroup>
</Project>