<?xml version="1.0" encoding="utf-8"?>
<Project ToolsVersion="4.0" xmlns="http://schemas.microsoft.com/developer/msbuild/2003">
  <ItemGroup>
    <ClCompile Include="Main.cpp" />
    <ClCompile Include="MessageReceiver.cpp">
      <Filter>Message</Filter>
    </ClCompile>
    <ClCompile Include="Pch.cpp" />
    <ClCompile Include="Device.cpp">
      <Filter>Device</Filter>
    </ClCompile>
    <ClCompile Include="SwapChain.cpp">
      <Filter>Device</Filter>
    </ClCompile>
    <ClCompile Include="Window.cpp">
      <Filter>Device</Filter>
    </ClCompile>
    <ClCompile Include="CommandQueue.cpp">
      <Filter>Device</Filter>
    </ClCompile>
    <ClCompile Include="DescriptorHeap.cpp">
      <Filter>Device</Filter>
    </ClCompile>
    <ClCompile Include="CommandList.cpp">
      <Filter>Device</Filter>
    </ClCompile>
    <ClCompile Include="DxgiConverter.cpp">
      <Filter>Resource</Filter>
    </ClCompile>
    <ClCompile Include="RaytracingDevice.cpp">
      <Filter>Device</Filter>
    </ClCompile>
    <ClCompile Include="RootSignature.cpp">
      <Filter>Resource</Filter>
    </ClCompile>
    <ClCompile Include="EnvironmentColor.cpp">
      <Filter>Shader</Filter>
    </ClCompile>
    <ClCompile Include="Upscaler.cpp">
      <Filter>Upscaler</Filter>
    </ClCompile>
    <ClCompile Include="DLSS.cpp">
      <Filter>Upscaler</Filter>
    </ClCompile>
    <ClCompile Include="FeatureCaps.cpp">
      <Filter>Device</Filter>
    </ClCompile>
    <ClCompile Include="PIXEvent.cpp">
      <Filter>Base</Filter>
    </ClCompile>
    <ClCompile Include="FSR2.cpp">
      <Filter>Upscaler</Filter>
    </ClCompile>
    <ClCompile Include="ShaderCache.cpp">
      <Filter>Cache</Filter>
    </ClCompile>
    <ClCompile Include="ShaderConverter.cpp">
      <Filter>Cache</Filter>
    </ClCompile>
  </ItemGroup>
  <ItemGroup>
    <Filter Include="Message">
      <UniqueIdentifier>{8d17ef12-df7e-4163-86ed-1af056f0480b}</UniqueIdentifier>
    </Filter>
    <Filter Include="Device">
      <UniqueIdentifier>{ac9288b9-e29f-4868-a38b-0409f49be195}</UniqueIdentifier>
    </Filter>
    <Filter Include="Shader">
      <UniqueIdentifier>{3c57636c-5d7c-4abd-9860-06eba5ae7c9a}</UniqueIdentifier>
    </Filter>
    <Filter Include="Base">
      <UniqueIdentifier>{8c952580-0bed-48d3-9f2d-3094e9e39818}</UniqueIdentifier>
    </Filter>
    <Filter Include="Resource">
      <UniqueIdentifier>{e5e147b1-dbdc-4ff6-9246-95c12226f27a}</UniqueIdentifier>
    </Filter>
    <Filter Include="Upscaler">
      <UniqueIdentifier>{f5e3711a-1e56-4981-863d-258bba94bd6d}</UniqueIdentifier>
    </Filter>
    <Filter Include="Cache">
      <UniqueIdentifier>{6b29ae4c-cf09-46c3-82a9-69b14b5b8efb}</UniqueIdentifier>
    </Filter>
  </ItemGroup>
  <ItemGroup>
    <ClInclude Include="MessageReceiver.h">
      <Filter>Message</Filter>
    </ClInclude>
    <ClInclude Include="Pch.h" />
    <ClInclude Include="Device.h">
      <Filter>Device</Filter>
    </ClInclude>
    <ClInclude Include="SwapChain.h">
      <Filter>Device</Filter>
    </ClInclude>
    <ClInclude Include="Texture.h">
      <Filter>Resource</Filter>
    </ClInclude>
    <ClInclude Include="Window.h">
      <Filter>Device</Filter>
    </ClInclude>
    <ClInclude Include="Resource.h" />
    <ClInclude Include="CommandQueue.h">
      <Filter>Device</Filter>
    </ClInclude>
    <ClInclude Include="DescriptorHeap.h">
      <Filter>Device</Filter>
    </ClInclude>
    <ClInclude Include="VertexDeclaration.h">
      <Filter>Resource</Filter>
    </ClInclude>
    <ClInclude Include="VertexShader.h">
      <Filter>Resource</Filter>
    </ClInclude>
    <ClInclude Include="PixelShader.h">
      <Filter>Resource</Filter>
    </ClInclude>
    <ClInclude Include="xxHashMap.h">
      <Filter>Base</Filter>
    </ClInclude>
    <ClInclude Include="CommandList.h">
      <Filter>Device</Filter>
    </ClInclude>
    <ClInclude Include="DxgiConverter.h">
      <Filter>Resource</Filter>
    </ClInclude>
    <ClInclude Include="Buffer.h">
      <Filter>Resource</Filter>
    </ClInclude>
    <ClInclude Include="RaytracingDevice.h">
      <Filter>Device</Filter>
    </ClInclude>
    <ClInclude Include="RootSignature.h">
      <Filter>Resource</Filter>
    </ClInclude>
    <ClInclude Include="BottomLevelAccelStruct.h">
      <Filter>Resource</Filter>
    </ClInclude>
    <ClInclude Include="GeometryDesc.h">
      <Filter>Resource</Filter>
    </ClInclude>
    <ClInclude Include="Material.h">
      <Filter>Resource</Filter>
    </ClInclude>
    <ClInclude Include="EnvironmentColor.h">
      <Filter>Shader</Filter>
    </ClInclude>
    <ClInclude Include="Upscaler.h">
      <Filter>Upscaler</Filter>
    </ClInclude>
    <ClInclude Include="DLSS.h">
      <Filter>Upscaler</Filter>
    </ClInclude>
    <ClInclude Include="FeatureCaps.h">
      <Filter>Device</Filter>
    </ClInclude>
    <ClInclude Include="UploadBuffer.h">
      <Filter>Resource</Filter>
    </ClInclude>
    <ClInclude Include="InstanceDesc.h">
      <Filter>Resource</Filter>
    </ClInclude>
    <ClInclude Include="LocalLight.h">
      <Filter>Resource</Filter>
    </ClInclude>
    <ClInclude Include="PIXEvent.h">
      <Filter>Base</Filter>
    </ClInclude>
    <ClInclude Include="FSR2.h">
      <Filter>Upscaler</Filter>
    </ClInclude>
    <ClInclude Include="ShaderCache.h">
      <Filter>Cache</Filter>
    </ClInclude>
    <ClInclude Include="ShaderConverter.h">
      <Filter>Cache</Filter>
    </ClInclude>
  </ItemGroup>
  <ItemGroup>
    <None Include="MessageReceiver.inl">
      <Filter>Message</Filter>
    </None>
    <None Include="RootSignature.hlsli">
      <Filter>Shader</Filter>
    </None>
    <None Include="GeometryDesc.hlsli">
      <Filter>Shader</Filter>
    </None>
    <None Include="GeometryShading.hlsli">
      <Filter>Shader</Filter>
    </None>
    <None Include="GBufferData.hlsli">
      <Filter>Shader</Filter>
    </None>
    <None Include="MaterialData.hlsli">
      <Filter>Shader</Filter>
    </None>
    <None Include="SharedDefinitions.hlsli">
      <Filter>Shader</Filter>
    </None>
    <None Include="packages.config" />
    <None Include="SkySharedDefinitions.hlsli">
      <Filter>Shader</Filter>
    </None>
    <None Include="Reservoir.hlsli">
      <Filter>Shader</Filter>
    </None>
    <None Include="RayDifferentials.hlsli">
      <Filter>Shader</Filter>
    </None>
  </ItemGroup>
  <ItemGroup>
    <ResourceCompile Include="Resource.rc" />
  </ItemGroup>
  <ItemGroup>
    <FxCompile Include="FVFPixelShader.hlsl">
      <Filter>Shader</Filter>
    </FxCompile>
    <FxCompile Include="FVFVertexShader.hlsl">
      <Filter>Shader</Filter>
    </FxCompile>
    <FxCompile Include="DXILLibrary.hlsl">
      <Filter>Shader</Filter>
    </FxCompile>
    <FxCompile Include="CopyTexturePixelShader.hlsl">
      <Filter>Shader</Filter>
    </FxCompile>
    <FxCompile Include="CopyTextureVertexShader.hlsl">
      <Filter>Shader</Filter>
    </FxCompile>
    <FxCompile Include="PoseComputeShader.hlsl">
      <Filter>Shader</Filter>
    </FxCompile>
    <FxCompile Include="ResolveComputeShader.hlsl">
      <Filter>Shader</Filter>
    </FxCompile>
    <FxCompile Include="SkyPixelShader.hlsl">
      <Filter>Shader</Filter>
    </FxCompile>
    <FxCompile Include="SkyVertexShader.hlsl">
      <Filter>Shader</Filter>
    </FxCompile>
  </ItemGroup>
</Project>