<?xml version="1.0" encoding="utf-8"?>
<Project ToolsVersion="4.0" xmlns="http://schemas.microsoft.com/developer/msbuild/2003">
  <ItemGroup>
    <ClCompile Include="Main.cpp" />
    <ClCompile Include="Pch.cpp" />
    <ClCompile Include="Device.cpp" />
    <ClCompile Include="Window.cpp" />
    <ClCompile Include="..\..\Dependencies\nvrhi\src\common\dxgi-format.cpp">
      <Filter>Dependencies</Filter>
    </ClCompile>
    <ClCompile Include="..\..\Dependencies\nvrhi\src\common\format-info.cpp">
      <Filter>Dependencies</Filter>
    </ClCompile>
    <ClCompile Include="..\..\Dependencies\nvrhi\src\common\misc.cpp">
      <Filter>Dependencies</Filter>
    </ClCompile>
    <ClCompile Include="..\..\Dependencies\nvrhi\src\common\shader-blob.cpp">
      <Filter>Dependencies</Filter>
    </ClCompile>
    <ClCompile Include="..\..\Dependencies\nvrhi\src\common\state-tracking.cpp">
      <Filter>Dependencies</Filter>
    </ClCompile>
    <ClCompile Include="..\..\Dependencies\nvrhi\src\common\utils.cpp">
      <Filter>Dependencies</Filter>
    </ClCompile>
    <ClCompile Include="..\..\Dependencies\nvrhi\src\d3d12\d3d12-buffer.cpp">
      <Filter>Dependencies</Filter>
    </ClCompile>
    <ClCompile Include="..\..\Dependencies\nvrhi\src\d3d12\d3d12-commandlist.cpp">
      <Filter>Dependencies</Filter>
    </ClCompile>
    <ClCompile Include="..\..\Dependencies\nvrhi\src\d3d12\d3d12-compute.cpp">
      <Filter>Dependencies</Filter>
    </ClCompile>
    <ClCompile Include="..\..\Dependencies\nvrhi\src\d3d12\d3d12-constants.cpp">
      <Filter>Dependencies</Filter>
    </ClCompile>
    <ClCompile Include="..\..\Dependencies\nvrhi\src\d3d12\d3d12-descriptor-heap.cpp">
      <Filter>Dependencies</Filter>
    </ClCompile>
    <ClCompile Include="..\..\Dependencies\nvrhi\src\d3d12\d3d12-device.cpp">
      <Filter>Dependencies</Filter>
    </ClCompile>
    <ClCompile Include="..\..\Dependencies\nvrhi\src\d3d12\d3d12-graphics.cpp">
      <Filter>Dependencies</Filter>
    </ClCompile>
    <ClCompile Include="..\..\Dependencies\nvrhi\src\d3d12\d3d12-meshlets.cpp">
      <Filter>Dependencies</Filter>
    </ClCompile>
    <ClCompile Include="..\..\Dependencies\nvrhi\src\d3d12\d3d12-queries.cpp">
      <Filter>Dependencies</Filter>
    </ClCompile>
    <ClCompile Include="..\..\Dependencies\nvrhi\src\d3d12\d3d12-raytracing.cpp">
      <Filter>Dependencies</Filter>
    </ClCompile>
    <ClCompile Include="..\..\Dependencies\nvrhi\src\d3d12\d3d12-resource-bindings.cpp">
      <Filter>Dependencies</Filter>
    </ClCompile>
    <ClCompile Include="..\..\Dependencies\nvrhi\src\d3d12\d3d12-shader.cpp">
      <Filter>Dependencies</Filter>
    </ClCompile>
    <ClCompile Include="..\..\Dependencies\nvrhi\src\d3d12\d3d12-state-tracking.cpp">
      <Filter>Dependencies</Filter>
    </ClCompile>
    <ClCompile Include="..\..\Dependencies\nvrhi\src\d3d12\d3d12-texture.cpp">
      <Filter>Dependencies</Filter>
    </ClCompile>
    <ClCompile Include="..\..\Dependencies\nvrhi\src\d3d12\d3d12-upload.cpp">
      <Filter>Dependencies</Filter>
    </ClCompile>
    <ClCompile Include="..\..\Dependencies\nvrhi\src\validation\validation-commandlist.cpp">
      <Filter>Dependencies</Filter>
    </ClCompile>
    <ClCompile Include="..\..\Dependencies\nvrhi\src\validation\validation-device.cpp">
      <Filter>Dependencies</Filter>
    </ClCompile>
    <ClCompile Include="..\..\Dependencies\HedgeLib\HedgeLib\src\textures\hl_hh_texture.cpp">
      <Filter>Dependencies</Filter>
    </ClCompile>
    <ClCompile Include="..\..\Dependencies\HedgeLib\HedgeLib\src\terrain\hl_hh_terrain.cpp">
      <Filter>Dependencies</Filter>
    </ClCompile>
    <ClCompile Include="..\..\Dependencies\HedgeLib\HedgeLib\src\shader\hl_hh_shader.cpp">
      <Filter>Dependencies</Filter>
    </ClCompile>
    <ClCompile Include="..\..\Dependencies\HedgeLib\HedgeLib\src\models\hl_hh_model.cpp">
      <Filter>Dependencies</Filter>
    </ClCompile>
    <ClCompile Include="..\..\Dependencies\HedgeLib\HedgeLib\src\materials\hl_hh_material.cpp">
      <Filter>Dependencies</Filter>
    </ClCompile>
    <ClCompile Include="..\..\Dependencies\HedgeLib\HedgeLib\src\io\hl_stream.cpp">
      <Filter>Dependencies</Filter>
    </ClCompile>
    <ClCompile Include="..\..\Dependencies\HedgeLib\HedgeLib\src\io\hl_path.cpp">
      <Filter>Dependencies</Filter>
    </ClCompile>
    <ClCompile Include="..\..\Dependencies\HedgeLib\HedgeLib\src\io\hl_hh_mirage.cpp">
      <Filter>Dependencies</Filter>
    </ClCompile>
    <ClCompile Include="..\..\Dependencies\HedgeLib\HedgeLib\src\io\hl_mem_stream.cpp">
      <Filter>Dependencies</Filter>
    </ClCompile>
    <ClCompile Include="..\..\Dependencies\HedgeLib\HedgeLib\src\io\hl_file.cpp">
      <Filter>Dependencies</Filter>
    </ClCompile>
    <ClCompile Include="..\..\Dependencies\HedgeLib\HedgeLib\src\io\hl_bina.cpp">
      <Filter>Dependencies</Filter>
    </ClCompile>
    <ClCompile Include="..\..\Dependencies\HedgeLib\HedgeLib\src\hl_text.cpp">
      <Filter>Dependencies</Filter>
    </ClCompile>
    <ClCompile Include="..\..\Dependencies\HedgeLib\HedgeLib\src\hl_tool_helpers.cpp">
      <Filter>Dependencies</Filter>
    </ClCompile>
    <ClCompile Include="..\..\Dependencies\HedgeLib\HedgeLib\src\hl_radix_tree.cpp">
      <Filter>Dependencies</Filter>
    </ClCompile>
    <ClCompile Include="..\..\Dependencies\HedgeLib\HedgeLib\src\hl_resource.cpp">
      <Filter>Dependencies</Filter>
    </ClCompile>
    <ClCompile Include="..\..\Dependencies\HedgeLib\HedgeLib\src\hl_internal.cpp">
      <Filter>Dependencies</Filter>
    </ClCompile>
    <ClCompile Include="..\..\Dependencies\HedgeLib\HedgeLib\src\hl_math.cpp">
      <Filter>Dependencies</Filter>
    </ClCompile>
    <ClCompile Include="..\..\Dependencies\HedgeLib\HedgeLib\src\hl_blob.cpp">
      <Filter>Dependencies</Filter>
    </ClCompile>
    <ClCompile Include="..\..\Dependencies\HedgeLib\HedgeLib\src\hh\hl_hh_needle_texture_streaming.cpp">
      <Filter>Dependencies</Filter>
    </ClCompile>
    <ClCompile Include="..\..\Dependencies\HedgeLib\HedgeLib\src\hh\hl_hh_needle.cpp">
      <Filter>Dependencies</Filter>
    </ClCompile>
    <ClCompile Include="..\..\Dependencies\HedgeLib\HedgeLib\src\hh\hl_hh_light.cpp">
      <Filter>Dependencies</Filter>
    </ClCompile>
    <ClCompile Include="..\..\Dependencies\HedgeLib\HedgeLib\src\effects\hl_grif.cpp">
      <Filter>Dependencies</Filter>
    </ClCompile>
    <ClCompile Include="..\..\Dependencies\HedgeLib\HedgeLib\src\archives\hl_hh_archive.cpp">
      <Filter>Dependencies</Filter>
    </ClCompile>
    <ClCompile Include="..\..\Dependencies\HedgeLib\HedgeLib\src\archives\hl_archive.cpp">
      <Filter>Dependencies</Filter>
    </ClCompile>
    <ClCompile Include="..\..\Dependencies\HedgeLib\HedgeLib\src\hl_scene.cpp">
      <Filter>Dependencies</Filter>
    </ClCompile>
    <ClCompile Include="..\..\Dependencies\HedgeLib\HedgeLib\src\hl_compression.cpp">
      <Filter>Dependencies</Filter>
    </ClCompile>
    <ClCompile Include="..\..\Dependencies\HedgeLib\HedgeLib\src\archives\hl_pacx.cpp">
      <Filter>Dependencies</Filter>
    </ClCompile>
    <ClCompile Include="ArchiveDatabase.cpp" />
    <ClCompile Include="Scene.cpp" />
    <ClCompile Include="..\..\Dependencies\nvrhi\rtxmu\src\D3D12AccelStructManager.cpp">
      <Filter>Dependencies</Filter>
    </ClCompile>
    <ClCompile Include="..\..\Dependencies\nvrhi\rtxmu\src\D3D12Suballocator.cpp">
      <Filter>Dependencies</Filter>
    </ClCompile>
    <ClCompile Include="Renderer.cpp" />
    <ClCompile Include="App.cpp" />
    <ClCompile Include="Input.cpp" />
    <ClCompile Include="Camera.cpp" />
    <ClCompile Include="..\..\Dependencies\DDSTextureLoader\DDSTextureLoader12.cpp">
      <Filter>Dependencies</Filter>
    </ClCompile>
    <ClCompile Include="ShaderMapping.cpp" />
    <ClCompile Include="ShaderLibrary.cpp" />
    <ClCompile Include="..\..\Dependencies\tinyxml2\tinyxml2.cpp">
      <Filter>Dependencies</Filter>
    </ClCompile>
    <ClCompile Include="SceneEffect.cpp" />
  </ItemGroup>
  <ItemGroup>
    <ClInclude Include="Pch.h" />
    <ClInclude Include="Device.h" />
    <ClInclude Include="Window.h" />
    <ClInclude Include="MessageCallback.h" />
    <ClInclude Include="Scene.h" />
    <ClInclude Include="ArchiveDatabase.h" />
    <ClInclude Include="Path.h" />
    <ClInclude Include="Utilities.h" />
    <ClInclude Include="Renderer.h" />
    <ClInclude Include="App.h" />
    <ClInclude Include="Input.h" />
    <ClInclude Include="Camera.h" />
    <ClInclude Include="ShaderMapping.h" />
    <ClInclude Include="File.h" />
    <ClInclude Include="ShaderLibrary.h" />
    <ClInclude Include="SceneEffect.h" />
    <ClInclude Include="ShaderDefinitions.h" />
  </ItemGroup>
  <ItemGroup>
    <Filter Include="Dependencies">
      <UniqueIdentifier>{2af4b336-29bc-48f3-bc42-bfbb6cb0cf9d}</UniqueIdentifier>
    </Filter>
  </ItemGroup>
  <ItemGroup>
    <FxCompile Include="ShaderLibrary.hlsl" />
    <FxCompile Include="ShaderCopyPS.hlsl" />
    <FxCompile Include="ShaderCopyVS.hlsl" />
  </ItemGroup>
  <ItemGroup>
    <None Include="ShaderLibrary.hlsli" />
  </ItemGroup>
</Project>