<?xml version="1.0" encoding="utf-8"?>
<Project ToolsVersion="4.0" xmlns="http://schemas.microsoft.com/developer/msbuild/2003">
  <ItemGroup>
    <ClCompile Include="Main.cpp" />
    <ClCompile Include="Pch.cpp" />
    <ClCompile Include="Device.cpp" />
    <ClCompile Include="Window.cpp" />
    <ClCompile Include="ArchiveDatabase.cpp" />
    <ClCompile Include="Scene.cpp" />
    <ClCompile Include="Renderer.cpp" />
    <ClCompile Include="App.cpp" />
    <ClCompile Include="Input.cpp" />
    <ClCompile Include="Camera.cpp" />
    <ClCompile Include="ShaderMapping.cpp" />
    <ClCompile Include="ShaderLibrary.cpp" />
    <ClCompile Include="SceneEffect.cpp" />
    <ClCompile Include="ComputeLuminancePass.cpp" />
    <ClCompile Include="RaytracingPass.cpp" />
    <ClCompile Include="ToneMapPass.cpp" />
    <ClCompile Include="DLSSPass.cpp" />
    <ClCompile Include="AccumulatePass.cpp" />
  </ItemGroup>
  <ItemGroup>
    <ClInclude Include="Pch.h" />
    <ClInclude Include="Device.h" />
    <ClInclude Include="Window.h" />
    <ClInclude Include="Scene.h" />
    <ClInclude Include="ArchiveDatabase.h" />
    <ClInclude Include="Path.h" />
    <ClInclude Include="Utilities.h" />
    <ClInclude Include="Renderer.h" />
    <ClInclude Include="App.h" />
    <ClInclude Include="Input.h" />
    <ClInclude Include="Camera.h" />
    <ClInclude Include="ShaderMapping.h" />
    <ClInclude Include="File.h" />
    <ClInclude Include="ShaderLibrary.h" />
    <ClInclude Include="SceneEffect.h" />
    <ClInclude Include="Math.h" />
    <ClInclude Include="ComputeLuminancePass.h" />
    <ClInclude Include="RaytracingPass.h" />
    <ClInclude Include="ToneMapPass.h" />
    <ClInclude Include="DLSSPass.h" />
    <ClInclude Include="AccumulatePass.h" />
  </ItemGroup>
  <ItemGroup>
    <Filter Include="Shaders">
      <UniqueIdentifier>{c8c31556-7aa0-49f4-b2d9-fc4a51c79e65}</UniqueIdentifier>
    </Filter>
    <Filter Include="Shaders\RT">
      <UniqueIdentifier>{0d2eece2-2c87-4b02-aabc-b41c7e3af1c9}</UniqueIdentifier>
    </Filter>
    <Filter Include="Shaders\Filter">
      <UniqueIdentifier>{dba05a16-4f0d-48ce-88a8-1ae5f91ff099}</UniqueIdentifier>
    </Filter>
    <Filter Include="Shaders\Filter\ToneMap">
      <UniqueIdentifier>{d5fcc791-fa86-4fd7-b048-75d40102bc2f}</UniqueIdentifier>
    </Filter>
  </ItemGroup>
  <ItemGroup>
    <FxCompile Include="ShaderLibrary.hlsl">
      <Filter>Shaders\RT</Filter>
    </FxCompile>
    <FxCompile Include="ShaderCopyPS.hlsl">
      <Filter>Shaders\Filter</Filter>
    </FxCompile>
    <FxCompile Include="ShaderCopyVS.hlsl">
      <Filter>Shaders\Filter</Filter>
    </FxCompile>
    <FxCompile Include="ShaderCopyLuminancePS.hlsl">
      <Filter>Shaders\Filter\ToneMap</Filter>
    </FxCompile>
    <FxCompile Include="ShaderToneMapPS.hlsl">
      <Filter>Shaders\Filter\ToneMap</Filter>
    </FxCompile>
    <FxCompile Include="ShaderLerpLuminancePS.hlsl">
      <Filter>Shaders\Filter\ToneMap</Filter>
    </FxCompile>
    <FxCompile Include="ShaderAccumulatePS.hlsl">
      <Filter>Shaders\Filter</Filter>
    </FxCompile>
  </ItemGroup>
  <ItemGroup>
    <None Include="ShaderLibrary.hlsli">
      <Filter>Shaders\RT</Filter>
    </None>
    <None Include="ShaderToneMap.hlsli">
      <Filter>Shaders\Filter\ToneMap</Filter>
    </None>
    <None Include="ShaderDefinitions.hlsli">
      <Filter>Shaders</Filter>
    </None>
    <None Include="HSV.hlsli">
      <Filter>Shaders\RT</Filter>
    </None>
  </ItemGroup>
</Project>