<?xml version="1.0" encoding="utf-8"?>
<Project ToolsVersion="4.0" xmlns="http://schemas.microsoft.com/developer/msbuild/2003">
  <ItemGroup>
    <ClCompile Include="Pch.cpp" />
    <ClCompile Include="D3D9.cpp">
      <Filter>Device</Filter>
    </ClCompile>
    <ClCompile Include="Unknown.cpp">
      <Filter>Base</Filter>
    </ClCompile>
    <ClCompile Include="Device.cpp">
      <Filter>Device</Filter>
    </ClCompile>
    <ClCompile Include="MessageSender.cpp">
      <Filter>Message</Filter>
    </ClCompile>
    <ClCompile Include="Resource.cpp">
      <Filter>Resource</Filter>
    </ClCompile>
    <ClCompile Include="Texture.cpp">
      <Filter>Resource</Filter>
    </ClCompile>
    <ClCompile Include="IndexBuffer.cpp">
      <Filter>Resource</Filter>
    </ClCompile>
    <ClCompile Include="VertexBuffer.cpp">
      <Filter>Resource</Filter>
    </ClCompile>
    <ClCompile Include="VertexDeclaration.cpp">
      <Filter>Resource</Filter>
    </ClCompile>
    <ClCompile Include="VertexShader.cpp">
      <Filter>Resource</Filter>
    </ClCompile>
    <ClCompile Include="PixelShader.cpp">
      <Filter>Resource</Filter>
    </ClCompile>
    <ClCompile Include="BaseTexture.cpp">
      <Filter>Resource</Filter>
    </ClCompile>
    <ClCompile Include="Mod.cpp" />
    <ClCompile Include="PictureData.cpp">
      <Filter>Patch</Filter>
    </ClCompile>
    <ClCompile Include="FillTexture.cpp">
      <Filter>Patch</Filter>
    </ClCompile>
    <ClCompile Include="Surface.cpp">
      <Filter>Resource</Filter>
    </ClCompile>
    <ClCompile Include="Configuration.cpp">
      <Filter>Base</Filter>
    </ClCompile>
    <ClCompile Include="TriangleFan.cpp">
      <Filter>Patch</Filter>
    </ClCompile>
    <ClCompile Include="HalfPixel.cpp">
      <Filter>Patch</Filter>
    </ClCompile>
    <ClCompile Include="TriangleStrip.cpp">
      <Filter>Patch</Filter>
    </ClCompile>
    <ClCompile Include="..\..\Dependencies\xxHash\xxhash.c">
      <Filter>Dependencies</Filter>
    </ClCompile>
    <ClCompile Include="ModelData.cpp">
      <Filter>Raytracing</Filter>
    </ClCompile>
    <ClCompile Include="MemoryAllocator.cpp">
      <Filter>Patch</Filter>
    </ClCompile>
    <ClCompile Include="InstanceData.cpp">
      <Filter>Raytracing</Filter>
    </ClCompile>
    <ClCompile Include="RaytracingRendering.cpp">
      <Filter>Raytracing</Filter>
    </ClCompile>
    <ClCompile Include="MaterialData.cpp">
      <Filter>Raytracing</Filter>
    </ClCompile>
    <ClCompile Include="RaytracingParams.cpp">
      <Filter>Raytracing</Filter>
    </ClCompile>
    <ClCompile Include="Sofdec.cpp">
      <Filter>Patch</Filter>
    </ClCompile>
    <ClCompile Include="ShaderCache.cpp">
      <Filter>Patch</Filter>
    </ClCompile>
    <ClCompile Include="RaytracingUtil.cpp">
      <Filter>Raytracing</Filter>
    </ClCompile>
    <ClCompile Include="MeshData.cpp">
      <Filter>Raytracing</Filter>
    </ClCompile>
    <ClCompile Include="MotionData.cpp">
      <Filter>Patch</Filter>
    </ClCompile>
    <ClCompile Include="ToneMap.cpp">
      <Filter>Raytracing</Filter>
    </ClCompile>
    <ClCompile Include="FileBinder.cpp">
      <Filter>Patch</Filter>
    </ClCompile>
    <ClCompile Include="Window.cpp">
      <Filter>Device</Filter>
    </ClCompile>
  </ItemGroup>
  <ItemGroup>
    <ClInclude Include="Pch.h" />
    <ClInclude Include="D3D9.h">
      <Filter>Device</Filter>
    </ClInclude>
    <ClInclude Include="Unknown.h">
      <Filter>Base</Filter>
    </ClInclude>
    <ClInclude Include="Device.h">
      <Filter>Device</Filter>
    </ClInclude>
    <ClInclude Include="MessageSender.h">
      <Filter>Message</Filter>
    </ClInclude>
    <ClInclude Include="Resource.h">
      <Filter>Resource</Filter>
    </ClInclude>
    <ClInclude Include="Texture.h">
      <Filter>Resource</Filter>
    </ClInclude>
    <ClInclude Include="IndexBuffer.h">
      <Filter>Resource</Filter>
    </ClInclude>
    <ClInclude Include="VertexBuffer.h">
      <Filter>Resource</Filter>
    </ClInclude>
    <ClInclude Include="VertexDeclaration.h">
      <Filter>Resource</Filter>
    </ClInclude>
    <ClInclude Include="VertexShader.h">
      <Filter>Resource</Filter>
    </ClInclude>
    <ClInclude Include="PixelShader.h">
      <Filter>Resource</Filter>
    </ClInclude>
    <ClInclude Include="BaseTexture.h">
      <Filter>Resource</Filter>
    </ClInclude>
    <ClInclude Include="PictureData.h">
      <Filter>Patch</Filter>
    </ClInclude>
    <ClInclude Include="FillTexture.h">
      <Filter>Patch</Filter>
    </ClInclude>
    <ClInclude Include="Surface.h">
      <Filter>Resource</Filter>
    </ClInclude>
    <ClInclude Include="Configuration.h">
      <Filter>Base</Filter>
    </ClInclude>
    <ClInclude Include="TriangleFan.h">
      <Filter>Patch</Filter>
    </ClInclude>
    <ClInclude Include="HalfPixel.h">
      <Filter>Patch</Filter>
    </ClInclude>
    <ClInclude Include="TriangleStrip.h">
      <Filter>Patch</Filter>
    </ClInclude>
    <ClInclude Include="ModelData.h">
      <Filter>Raytracing</Filter>
    </ClInclude>
    <ClInclude Include="MemoryAllocator.h">
      <Filter>Patch</Filter>
    </ClInclude>
    <ClInclude Include="InstanceData.h">
      <Filter>Raytracing</Filter>
    </ClInclude>
    <ClInclude Include="RaytracingRendering.h">
      <Filter>Raytracing</Filter>
    </ClInclude>
    <ClInclude Include="MaterialData.h">
      <Filter>Raytracing</Filter>
    </ClInclude>
    <ClInclude Include="RaytracingParams.h">
      <Filter>Raytracing</Filter>
    </ClInclude>
    <ClInclude Include="Sofdec.h">
      <Filter>Patch</Filter>
    </ClInclude>
    <ClInclude Include="ShaderCache.h">
      <Filter>Patch</Filter>
    </ClInclude>
    <ClInclude Include="RaytracingUtil.h">
      <Filter>Raytracing</Filter>
    </ClInclude>
    <ClInclude Include="MeshData.h">
      <Filter>Raytracing</Filter>
    </ClInclude>
    <ClInclude Include="MotionData.h">
      <Filter>Patch</Filter>
    </ClInclude>
    <ClInclude Include="RaytracingStages.h">
      <Filter>Raytracing</Filter>
    </ClInclude>
    <ClInclude Include="ToneMap.h">
      <Filter>Raytracing</Filter>
    </ClInclude>
    <ClInclude Include="FileBinder.h">
      <Filter>Patch</Filter>
    </ClInclude>
    <ClInclude Include="Window.h">
      <Filter>Device</Filter>
    </ClInclude>
  </ItemGroup>
  <ItemGroup>
    <Filter Include="Device">
      <UniqueIdentifier>{a46b952c-46e4-43f4-a552-44b35ec7e30a}</UniqueIdentifier>
    </Filter>
    <Filter Include="Resource">
      <UniqueIdentifier>{7556bcf9-e2d8-4238-b27f-bcb24531b001}</UniqueIdentifier>
    </Filter>
    <Filter Include="Message">
      <UniqueIdentifier>{bcc8601f-84d6-4db6-9bfc-222ab4b2b883}</UniqueIdentifier>
    </Filter>
    <Filter Include="Base">
      <UniqueIdentifier>{a216287e-6f01-47e4-8005-5ec7a5c37a5b}</UniqueIdentifier>
    </Filter>
    <Filter Include="Patch">
      <UniqueIdentifier>{8ea5ef8a-a980-4416-b44c-43d9e0ae1cba}</UniqueIdentifier>
    </Filter>
    <Filter Include="Dependencies">
      <UniqueIdentifier>{fd41d354-f37c-4b6e-b329-72e7cad037f2}</UniqueIdentifier>
    </Filter>
    <Filter Include="Raytracing">
      <UniqueIdentifier>{17261374-f330-4cb6-988a-7287e02ccc17}</UniqueIdentifier>
    </Filter>
  </ItemGroup>
  <ItemGroup>
    <None Include="MessageSender.inl">
      <Filter>Message</Filter>
    </None>
  </ItemGroup>
</Project>