<?xml version="1.0" encoding="utf-8"?>
<Project ToolsVersion="4.0" xmlns="http://schemas.microsoft.com/developer/msbuild/2003">
  <ItemGroup>
    <ClCompile Include="..\..\Dependencies\nvrhi\rtxmu\src\D3D12AccelStructManager.cpp" />
    <ClCompile Include="..\..\Dependencies\nvrhi\src\d3d12\d3d12-buffer.cpp" />
    <ClCompile Include="..\..\Dependencies\nvrhi\src\d3d12\d3d12-commandlist.cpp" />
    <ClCompile Include="..\..\Dependencies\nvrhi\src\d3d12\d3d12-compute.cpp" />
    <ClCompile Include="..\..\Dependencies\nvrhi\src\d3d12\d3d12-constants.cpp" />
    <ClCompile Include="..\..\Dependencies\nvrhi\src\d3d12\d3d12-descriptor-heap.cpp" />
    <ClCompile Include="..\..\Dependencies\nvrhi\src\d3d12\d3d12-device.cpp" />
    <ClCompile Include="..\..\Dependencies\nvrhi\src\d3d12\d3d12-graphics.cpp" />
    <ClCompile Include="..\..\Dependencies\nvrhi\src\d3d12\d3d12-meshlets.cpp" />
    <ClCompile Include="..\..\Dependencies\nvrhi\src\d3d12\d3d12-queries.cpp" />
    <ClCompile Include="..\..\Dependencies\nvrhi\src\d3d12\d3d12-raytracing.cpp" />
    <ClCompile Include="..\..\Dependencies\nvrhi\src\d3d12\d3d12-resource-bindings.cpp" />
    <ClCompile Include="..\..\Dependencies\nvrhi\src\d3d12\d3d12-shader.cpp" />
    <ClCompile Include="..\..\Dependencies\nvrhi\src\d3d12\d3d12-state-tracking.cpp" />
    <ClCompile Include="..\..\Dependencies\nvrhi\rtxmu\src\D3D12Suballocator.cpp" />
    <ClCompile Include="..\..\Dependencies\nvrhi\src\d3d12\d3d12-texture.cpp" />
    <ClCompile Include="..\..\Dependencies\nvrhi\src\d3d12\d3d12-upload.cpp" />
    <ClCompile Include="..\..\Dependencies\DDSTextureLoader\DDSTextureLoader12.cpp" />
    <ClCompile Include="..\..\Dependencies\nvrhi\src\common\dxgi-format.cpp" />
    <ClCompile Include="..\..\Dependencies\nvrhi\src\common\format-info.cpp" />
    <ClCompile Include="..\..\Dependencies\HedgeLib\HedgeLib\src\archives\hl_archive.cpp" />
    <ClCompile Include="..\..\Dependencies\HedgeLib\HedgeLib\src\io\hl_bina.cpp" />
    <ClCompile Include="..\..\Dependencies\HedgeLib\HedgeLib\src\hl_blob.cpp" />
    <ClCompile Include="..\..\Dependencies\HedgeLib\HedgeLib\src\hl_compression.cpp" />
    <ClCompile Include="..\..\Dependencies\HedgeLib\HedgeLib\src\io\hl_file.cpp" />
    <ClCompile Include="..\..\Dependencies\HedgeLib\HedgeLib\src\effects\hl_grif.cpp" />
    <ClCompile Include="..\..\Dependencies\HedgeLib\HedgeLib\src\archives\hl_hh_archive.cpp" />
    <ClCompile Include="..\..\Dependencies\HedgeLib\HedgeLib\src\hh\hl_hh_light.cpp" />
    <ClCompile Include="..\..\Dependencies\HedgeLib\HedgeLib\src\materials\hl_hh_material.cpp" />
    <ClCompile Include="..\..\Dependencies\HedgeLib\HedgeLib\src\io\hl_hh_mirage.cpp" />
    <ClCompile Include="..\..\Dependencies\HedgeLib\HedgeLib\src\models\hl_hh_model.cpp" />
    <ClCompile Include="..\..\Dependencies\HedgeLib\HedgeLib\src\hh\hl_hh_needle.cpp" />
    <ClCompile Include="..\..\Dependencies\HedgeLib\HedgeLib\src\hh\hl_hh_needle_texture_streaming.cpp" />
    <ClCompile Include="..\..\Dependencies\HedgeLib\HedgeLib\src\shader\hl_hh_shader.cpp" />
    <ClCompile Include="..\..\Dependencies\HedgeLib\HedgeLib\src\terrain\hl_hh_terrain.cpp" />
    <ClCompile Include="..\..\Dependencies\HedgeLib\HedgeLib\src\textures\hl_hh_texture.cpp" />
    <ClCompile Include="..\..\Dependencies\HedgeLib\HedgeLib\src\hl_internal.cpp" />
    <ClCompile Include="..\..\Dependencies\HedgeLib\HedgeLib\src\hl_math.cpp" />
    <ClCompile Include="..\..\Dependencies\HedgeLib\HedgeLib\src\io\hl_mem_stream.cpp" />
    <ClCompile Include="..\..\Dependencies\HedgeLib\HedgeLib\src\archives\hl_pacx.cpp" />
    <ClCompile Include="..\..\Dependencies\HedgeLib\HedgeLib\src\io\hl_path.cpp" />
    <ClCompile Include="..\..\Dependencies\HedgeLib\HedgeLib\src\hl_radix_tree.cpp" />
    <ClCompile Include="..\..\Dependencies\HedgeLib\HedgeLib\src\hl_resource.cpp" />
    <ClCompile Include="..\..\Dependencies\HedgeLib\HedgeLib\src\hl_scene.cpp" />
    <ClCompile Include="..\..\Dependencies\HedgeLib\HedgeLib\src\io\hl_stream.cpp" />
    <ClCompile Include="..\..\Dependencies\HedgeLib\HedgeLib\src\hl_text.cpp" />
    <ClCompile Include="..\..\Dependencies\HedgeLib\HedgeLib\src\hl_tool_helpers.cpp" />
    <ClCompile Include="..\..\Dependencies\nvrhi\src\common\misc.cpp" />
    <ClCompile Include="..\..\Dependencies\nvrhi\src\common\shader-blob.cpp" />
    <ClCompile Include="..\..\Dependencies\nvrhi\src\common\state-tracking.cpp" />
    <ClCompile Include="..\..\Dependencies\tinyxml2\tinyxml2.cpp" />
    <ClCompile Include="..\..\Dependencies\nvrhi\src\common\utils.cpp" />
    <ClCompile Include="..\..\Dependencies\nvrhi\src\validation\validation-commandlist.cpp" />
    <ClCompile Include="..\..\Dependencies\nvrhi\src\validation\validation-device.cpp" />
  </ItemGroup>
</Project>