
Microsoft Visual Studio Solution File, Format Version 12.00
# Visual Studio Version 17
VisualStudioVersion = 17.6.33815.320
MinimumVisualStudioVersion = 10.0.40219.1
Project("{8BC9CEB8-8B4A-11D0-8D11-00A0C91BC942}") = "GenerationsRaytracing.X86", "GenerationsRaytracing.X86\GenerationsRaytracing.X86.vcxproj", "{C3AA70F3-7480-46E5-A30C-BC1E281B69E1}"
EndProject
Project("{8BC9CEB8-8B4A-11D0-8D11-00A0C91BC942}") = "GenerationsRaytracing.X64", "GenerationsRaytracing.X64\GenerationsRaytracing.X64.vcxproj", "{A046C389-EE86-4307-AB09-970464FB08E3}"
EndProject
Project("{8BC9CEB8-8B4A-11D0-8D11-00A0C91BC942}") = "GenerationsRaytracing.Shared", "GenerationsRaytracing.Shared\GenerationsRaytracing.Shared.vcxitems", "{F7A1E935-4384-44FD-996C-7F1151C258CF}"
EndProject
Project("{8BC9CEB8-8B4A-11D0-8D11-00A0C91BC942}") = "GenerationsRaytracing.X64.Dependencies", "GenerationsRaytracing.X64.Dependencies\GenerationsRaytracing.X64.Dependencies.vcxproj", "{747F99A2-F195-4937-B75D-67B373972075}"
EndProject
Project("{9A19103F-16F7-4668-BE54-9A1E7A4F7556}") = "GenerationsRaytracing.Tool", "GenerationsRaytracing.Tool\GenerationsRaytracing.Tool.csproj", "{8C622AE6-B697-4F49-99BE-16E26323EBCA}"
EndProject
Project("{9A19103F-16F7-4668-BE54-9A1E7A4F7556}") = "Amicitia.IO", "..\Dependencies\Amicitia.IO\src\Amicitia.IO\Amicitia.IO.csproj", "{E94D086C-2227-4CBC-8297-6E66337A6A9D}"
EndProject
Project("{9A19103F-16F7-4668-BE54-9A1E7A4F7556}") = "GenerationsRaytracing.ShaderConverter", "GenerationsRaytracing.ShaderConverter\GenerationsRaytracing.ShaderConverter.csproj", "{EFC1A463-CAFF-4373-AB9C-D8A166910173}"
EndProject
Project("{8BC9CEB8-8B4A-11D0-8D11-00A0C91BC942}") = "GenerationsRaytracing.X86.Dependencies", "GenerationsRaytracing.X86.Dependencies\GenerationsRaytracing.X86.Dependencies.vcxproj", "{305B334C-12A4-43FB-824C-2B4420D9BD75}"
EndProject
Global
	GlobalSection(SolutionConfigurationPlatforms) = preSolution
		Debug|x64 = Debug|x64
		Release|x64 = Release|x64
	EndGlobalSection
	GlobalSection(ProjectConfigurationPlatforms) = postSolution
		{C3AA70F3-7480-46E5-A30C-BC1E281B69E1}.Debug|x64.ActiveCfg = Debug|Win32
		{C3AA70F3-7480-46E5-A30C-BC1E281B69E1}.Debug|x64.Build.0 = Debug|Win32
		{C3AA70F3-7480-46E5-A30C-BC1E281B69E1}.Release|x64.ActiveCfg = Release|Win32
		{C3AA70F3-7480-46E5-A30C-BC1E281B69E1}.Release|x64.Build.0 = Release|Win32
		{A046C389-EE86-4307-AB09-970464FB08E3}.Debug|x64.ActiveCfg = Debug|x64
		{A046C389-EE86-4307-AB09-970464FB08E3}.Debug|x64.Build.0 = Debug|x64
		{A046C389-EE86-4307-AB09-970464FB08E3}.Release|x64.ActiveCfg = Release|x64
		{A046C389-EE86-4307-AB09-970464FB08E3}.Release|x64.Build.0 = Release|x64
		{747F99A2-F195-4937-B75D-67B373972075}.Debug|x64.ActiveCfg = Debug|x64
		{747F99A2-F195-4937-B75D-67B373972075}.Debug|x64.Build.0 = Debug|x64
		{747F99A2-F195-4937-B75D-67B373972075}.Release|x64.ActiveCfg = Release|x64
		{747F99A2-F195-4937-B75D-67B373972075}.Release|x64.Build.0 = Release|x64
		{8C622AE6-B697-4F49-99BE-16E26323EBCA}.Debug|x64.ActiveCfg = Debug|Any CPU
		{8C622AE6-B697-4F49-99BE-16E26323EBCA}.Debug|x64.Build.0 = Debug|Any CPU
		{8C622AE6-B697-4F49-99BE-16E26323EBCA}.Release|x64.ActiveCfg = Release|Any CPU
		{8C622AE6-B697-4F49-99BE-16E26323EBCA}.Release|x64.Build.0 = Release|Any CPU
		{E94D086C-2227-4CBC-8297-6E66337A6A9D}.Debug|x64.ActiveCfg = Debug|Any CPU
		{E94D086C-2227-4CBC-8297-6E66337A6A9D}.Release|x64.ActiveCfg = Release|Any CPU
		{EFC1A463-CAFF-4373-AB9C-D8A166910173}.Debug|x64.ActiveCfg = Debug|Any CPU
		{EFC1A463-CAFF-4373-AB9C-D8A166910173}.Debug|x64.Build.0 = Debug|Any CPU
		{EFC1A463-CAFF-4373-AB9C-D8A166910173}.Release|x64.ActiveCfg = Release|Any CPU
		{EFC1A463-CAFF-4373-AB9C-D8A166910173}.Release|x64.Build.0 = Release|Any CPU
		{305B334C-12A4-43FB-824C-2B4420D9BD75}.Debug|x64.ActiveCfg = Debug|Win32
		{305B334C-12A4-43FB-824C-2B4420D9BD75}.Release|x64.ActiveCfg = Release|Win32
		{305B334C-12A4-43FB-824C-2B4420D9BD75}.Release|x64.Build.0 = Release|Win32
	EndGlobalSection
	GlobalSection(SolutionProperties) = preSolution
		HideSolutionNode = FALSE
	EndGlobalSection
	GlobalSection(ExtensibilityGlobals) = postSolution
		SolutionGuid = {1FCD9E2C-E555-4BFC-9654-C684847EE8E0}
	EndGlobalSection
	GlobalSection(SharedMSBuildProjectFiles) = preSolution
		GenerationsRaytracing.Shared\GenerationsRaytracing.Shared.vcxitems*{a046c389-ee86-4307-ab09-970464fb08e3}*SharedItemsImports = 4
		GenerationsRaytracing.Shared\GenerationsRaytracing.Shared.vcxitems*{c3aa70f3-7480-46e5-a30c-bc1e281b69e1}*SharedItemsImports = 4
		GenerationsRaytracing.Shared\GenerationsRaytracing.Shared.vcxitems*{f7a1e935-4384-44fd-996c-7f1151c258cf}*SharedItemsImports = 9
	EndGlobalSection
EndGlobal
